{
    "_readme": [
        "This file locks the dependencies of your project to a known state",
        "Read more about it at https://getcomposer.org/doc/01-basic-usage.md#installing-dependencies",
        "This file is @generated automatically"
    ],
    "content-hash": "79889da251d6cae07ab1b1d5ee0c9f22",
    "packages": [
        {
            "name": "fgrosse/phpasn1",
            "version": "v2.5.0",
            "source": {
                "type": "git",
                "url": "https://github.com/fgrosse/PHPASN1.git",
                "reference": "42060ed45344789fb9f21f9f1864fc47b9e3507b"
            },
            "dist": {
                "type": "zip",
                "url": "https://api.github.com/repos/fgrosse/PHPASN1/zipball/42060ed45344789fb9f21f9f1864fc47b9e3507b",
                "reference": "42060ed45344789fb9f21f9f1864fc47b9e3507b",
                "shasum": "",
                "mirrors": [
                    {
                        "url": "https://mirrors.aliyun.com/composer/dists/%package%/%reference%.%type%",
                        "preferred": true
                    }
                ]
            },
            "require": {
                "php": "^7.1 || ^8.0"
            },
            "require-dev": {
                "php-coveralls/php-coveralls": "~2.0",
                "phpunit/phpunit": "^7.0 || ^8.0 || ^9.0"
            },
            "suggest": {
                "ext-bcmath": "BCmath is the fallback extension for big integer calculations",
                "ext-curl": "For loading OID information from the web if they have not bee defined statically",
                "ext-gmp": "GMP is the preferred extension for big integer calculations",
                "phpseclib/bcmath_compat": "BCmath polyfill for servers where neither GMP nor BCmath is available"
            },
            "type": "library",
            "extra": {
                "branch-alias": {
                    "dev-master": "2.0.x-dev"
                }
            },
            "autoload": {
                "psr-4": {
                    "FG\\": "lib/"
                }
            },
            "notification-url": "https://packagist.org/downloads/",
            "license": [
                "MIT"
            ],
            "authors": [
                {
                    "name": "Friedrich Große",
                    "email": "friedrich.grosse@gmail.com",
                    "homepage": "https://github.com/FGrosse",
                    "role": "Author"
                },
                {
                    "name": "All contributors",
                    "homepage": "https://github.com/FGrosse/PHPASN1/contributors"
                }
            ],
            "description": "A PHP Framework that allows you to encode and decode arbitrary ASN.1 structures using the ITU-T X.690 Encoding Rules.",
            "homepage": "https://github.com/FGrosse/PHPASN1",
            "keywords": [
                "DER",
                "asn.1",
                "asn1",
                "ber",
                "binary",
                "decoding",
                "encoding",
                "x.509",
                "x.690",
                "x509",
                "x690"
            ],
            "support": {
                "issues": "https://github.com/fgrosse/PHPASN1/issues",
                "source": "https://github.com/fgrosse/PHPASN1/tree/v2.5.0"
            },
            "abandoned": true,
            "time": "2022-12-19T11:08:26+00:00"
        },
        {
            "name": "lpilp/guomi",
            "version": "v1.0.9",
            "source": {
                "type": "git",
                "url": "https://github.com/lpilp/phpsm2sm3sm4.git",
                "reference": "9d342416acec45db0d38dd3a8fbc1904463e6b31"
            },
            "dist": {
                "type": "zip",
                "url": "https://api.github.com/repos/lpilp/phpsm2sm3sm4/zipball/9d342416acec45db0d38dd3a8fbc1904463e6b31",
                "reference": "9d342416acec45db0d38dd3a8fbc1904463e6b31",
                "shasum": "",
                "mirrors": [
                    {
                        "url": "https://mirrors.aliyun.com/composer/dists/%package%/%reference%.%type%",
                        "preferred": true
                    }
                ]
            },
            "require": {
                "mdanter/ecc": "^1.0",
                "php": ">=7.2"
            },
            "type": "library",
            "autoload": {
                "files": [
                    "src/overwrite.php"
                ],
                "psr-4": {
                    "Rtgm\\": "src"
                }
            },
            "notification-url": "https://packagist.org/downloads/",
            "license": [
                "MIT"
            ],
            "authors": [
                {
                    "name": "recent",
                    "email": "lpilp@126.com"
                }
            ],
            "description": "国密sm2",
            "support": {
                "issues": "https://github.com/lpilp/phpsm2sm3sm4/issues",
                "source": "https://github.com/lpilp/phpsm2sm3sm4/tree/v1.0.9"
            },
            "time": "2024-02-04T08:43:06+00:00"
        },
        {
            "name": "mdanter/ecc",
            "version": "v1.0.0",
            "source": {
                "type": "git",
                "url": "https://github.com/phpecc/phpecc.git",
                "reference": "34e2eec096bf3dcda814e8f66dd91ae87a2db7cd"
            },
            "dist": {
                "type": "zip",
                "url": "https://api.github.com/repos/phpecc/phpecc/zipball/34e2eec096bf3dcda814e8f66dd91ae87a2db7cd",
                "reference": "34e2eec096bf3dcda814e8f66dd91ae87a2db7cd",
                "shasum": "",
                "mirrors": [
                    {
                        "url": "https://mirrors.aliyun.com/composer/dists/%package%/%reference%.%type%",
                        "preferred": true
                    }
                ]
            },
            "require": {
                "ext-gmp": "*",
                "fgrosse/phpasn1": "^2.0",
                "php": "^7.0||^8.0"
            },
            "require-dev": {
                "phpunit/phpunit": "^6.0||^8.0||^9.0",
                "squizlabs/php_codesniffer": "^2.0",
                "symfony/yaml": "^2.6|^3.0"
            },
            "type": "library",
            "autoload": {
                "psr-4": {
                    "Mdanter\\Ecc\\": "src/"
                }
            },
            "notification-url": "https://packagist.org/downloads/",
            "license": [
                "MIT"
            ],
            "authors": [
                {
                    "name": "Matyas Danter",
                    "homepage": "http://matejdanter.com/",
                    "role": "Author"
                },
                {
                    "name": "Thibaud Fabre",
                    "email": "thibaud@aztech.io",
                    "homepage": "http://aztech.io",
                    "role": "Maintainer"
                },
                {
                    "name": "Thomas Kerin",
                    "email": "afk11@users.noreply.github.com",
                    "role": "Maintainer"
                }
            ],
            "description": "PHP Elliptic Curve Cryptography library",
            "homepage": "https://github.com/phpecc/phpecc",
            "keywords": [
                "Diffie",
                "ECDSA",
                "Hellman",
                "curve",
                "ecdh",
                "elliptic",
                "nistp192",
                "nistp224",
                "nistp256",
                "nistp384",
                "nistp521",
                "phpecc",
                "secp256k1",
                "secp256r1"
            ],
            "support": {
                "issues": "https://github.com/phpecc/phpecc/issues",
                "source": "https://github.com/phpecc/phpecc/tree/v1.0.0"
            },
            "time": "2021-01-16T19:42:14+00:00"
        }
    ],
    "packages-dev": [
        {
            "name": "phpunit/php-invoker",
            "version": "2.0.1",
            "source": {
                "type": "git",
                "url": "https://github.com/sebastianbergmann/php-invoker.git",
                "reference": "9ee24c724374ba355385e98808da8b4343b28f67"
            },
            "dist": {
                "type": "zip",
                "url": "https://api.github.com/repos/sebastianbergmann/php-invoker/zipball/9ee24c724374ba355385e98808da8b4343b28f67",
                "reference": "9ee24c724374ba355385e98808da8b4343b28f67",
                "shasum": "",
                "mirrors": [
                    {
                        "url": "https://mirrors.aliyun.com/composer/dists/%package%/%reference%.%type%",
                        "preferred": true
                    }
                ]
            },
            "require": {
                "ext-pcntl": "*",
                "php": ">=7.1"
            },
            "require-dev": {
                "phpunit/phpunit": "^8.5"
            },
            "type": "library",
            "extra": {
                "branch-alias": {
                    "dev-master": "2.0-dev"
                }
            },
            "autoload": {
                "classmap": [
                    "src/"
                ]
            },
            "notification-url": "https://packagist.org/downloads/",
            "license": [
                "BSD-3-Clause"
            ],
            "authors": [
                {
                    "name": "Sebastian Bergmann",
                    "email": "sebastian@phpunit.de",
                    "role": "lead"
                }
            ],
            "description": "Invoke callables with a timeout",
            "homepage": "https://github.com/sebastianbergmann/php-invoker/",
            "keywords": [
                "process"
            ],
            "support": {
                "issues": "https://github.com/sebastianbergmann/php-invoker/issues",
                "source": "https://github.com/sebastianbergmann/php-invoker/tree/2.0.1"
            },
            "funding": [
                {
                    "url": "https://github.com/sebastianbergmann",
                    "type": "github"
                }
            ],
            "time": "2020-11-30T08:22:55+00:00"
        }
    ],
    "aliases": [],
    "minimum-stability": "stable",
    "stability-flags": [],
    "prefer-stable": false,
    "prefer-lowest": false,
    "platform": {
        "ext-gmp": "*"
    },
    "platform-dev": [],
    "plugin-api-version": "2.6.0"
}
